
Microsoft Visual Studio Solution File, Format Version 12.00
# Visual Studio 2012
Project("{8BC9CEB8-8B4A-11D0-8D11-00A0C91BC942}") = "VideoCollage_2012", "VideoCollage_2012\VideoCollage_2012.vcxproj", "{3FD0C95B-CC40-45E1-AA53-DCEF30BB075F}"
	ProjectSection(ProjectDependencies) = postProject
		{9B4FA42B-8FD6-4A5D-9B34-2129EF74A0E7} = {9B4FA42B-8FD6-4A5D-9B34-2129EF74A0E7}
		{E0C0F938-534C-4BDF-95CC-52439B6B788B} = {E0C0F938-534C-4BDF-95CC-52439B6B788B}
		{97290E61-8034-44DF-B23E-F18B56ECD8CD} = {97290E61-8034-44DF-B23E-F18B56ECD8CD}
	EndProjectSection
EndProject
Project("{8BC9CEB8-8B4A-11D0-8D11-00A0C91BC942}") = "VxCore", "VxCore\VxCore.vcxproj", "{9B4FA42B-8FD6-4A5D-9B34-2129EF74A0E7}"
EndProject
Project("{8BC9CEB8-8B4A-11D0-8D11-00A0C91BC942}") = "VideoAnalysis", "VideoAnalysis\VideoAnalysis.vcxproj", "{E0C0F938-534C-4BDF-95CC-52439B6B788B}"
EndProject
Project("{8BC9CEB8-8B4A-11D0-8D11-00A0C91BC942}") = "ImageAnalysis", "ImageAnalysis\ImageAnalysis.vcxproj", "{97290E61-8034-44DF-B23E-F18B56ECD8CD}"
EndProject
Global
	GlobalSection(TeamFoundationVersionControl) = preSolution
		SccNumberOfProjects = 5
		SccEnterpriseProvider = {4CA58AB2-18FA-4F8D-95D4-32DDF27D184C}
		SccTeamFoundationServer = http://vstfsng01:8080/tfs/ieg
		SccLocalPath0 = .
		SccProjectUniqueName1 = ImageAnalysis\\ImageAnalysis.vcxproj
		SccProjectName1 = ImageAnalysis
		SccLocalPath1 = ImageAnalysis
		SccProjectUniqueName2 = VideoAnalysis\\VideoAnalysis.vcxproj
		SccProjectName2 = VideoAnalysis
		SccLocalPath2 = VideoAnalysis
		SccProjectUniqueName3 = VideoCollage_2012\\VideoCollage_2012.vcxproj
		SccProjectName3 = VideoCollage_2012
		SccLocalPath3 = VideoCollage_2012
		SccProjectUniqueName4 = VxCore\\VxCore.vcxproj
		SccProjectName4 = VxCore
		SccLocalPath4 = VxCore
	EndGlobalSection
	GlobalSection(SolutionConfigurationPlatforms) = preSolution
		Debug|Win32 = Debug|Win32
		Release|Win32 = Release|Win32
	EndGlobalSection
	GlobalSection(ProjectConfigurationPlatforms) = postSolution
		{3FD0C95B-CC40-45E1-AA53-DCEF30BB075F}.Debug|Win32.ActiveCfg = Debug|Win32
		{3FD0C95B-CC40-45E1-AA53-DCEF30BB075F}.Debug|Win32.Build.0 = Debug|Win32
		{3FD0C95B-CC40-45E1-AA53-DCEF30BB075F}.Release|Win32.ActiveCfg = Release|Win32
		{3FD0C95B-CC40-45E1-AA53-DCEF30BB075F}.Release|Win32.Build.0 = Release|Win32
		{9B4FA42B-8FD6-4A5D-9B34-2129EF74A0E7}.Debug|Win32.ActiveCfg = Debug|Win32
		{9B4FA42B-8FD6-4A5D-9B34-2129EF74A0E7}.Debug|Win32.Build.0 = Debug|Win32
		{9B4FA42B-8FD6-4A5D-9B34-2129EF74A0E7}.Release|Win32.ActiveCfg = Release|Win32
		{9B4FA42B-8FD6-4A5D-9B34-2129EF74A0E7}.Release|Win32.Build.0 = Release|Win32
		{E0C0F938-534C-4BDF-95CC-52439B6B788B}.Debug|Win32.ActiveCfg = Debug|Win32
		{E0C0F938-534C-4BDF-95CC-52439B6B788B}.Debug|Win32.Build.0 = Debug|Win32
		{E0C0F938-534C-4BDF-95CC-52439B6B788B}.Release|Win32.ActiveCfg = Release|Win32
		{E0C0F938-534C-4BDF-95CC-52439B6B788B}.Release|Win32.Build.0 = Release|Win32
		{97290E61-8034-44DF-B23E-F18B56ECD8CD}.Debug|Win32.ActiveCfg = Debug|Win32
		{97290E61-8034-44DF-B23E-F18B56ECD8CD}.Debug|Win32.Build.0 = Debug|Win32
		{97290E61-8034-44DF-B23E-F18B56ECD8CD}.Release|Win32.ActiveCfg = Release|Win32
		{97290E61-8034-44DF-B23E-F18B56ECD8CD}.Release|Win32.Build.0 = Release|Win32
	EndGlobalSection
	GlobalSection(SolutionProperties) = preSolution
		HideSolutionNode = FALSE
	EndGlobalSection
EndGlobal
